// !$*UTF8*$!
{
	archiveVersion = 1;
	classes = {
	};
	objectVersion = 50;
	objects = {

/* Begin PBXBuildFile section */
		F523769D22A1AC1600FEA409 /* AppDelegate.swift in Sources */ = {isa = PBXBuildFile; fileRef = F523769C22A1AC1600FEA409 /* AppDelegate.swift */; };
		F523769F22A1AC1600FEA409 /* BeginViewController.swift in Sources */ = {isa = PBXBuildFile; fileRef = F523769E22A1AC1600FEA409 /* BeginViewController.swift */; };
		F52376A222A1AC1600FEA409 /* Main.storyboard in Resources */ = {isa = PBXBuildFile; fileRef = F52376A022A1AC1600FEA409 /* Main.storyboard */; };
		F52376A722A1AC1800FEA409 /* LaunchScreen.storyboard in Resources */ = {isa = PBXBuildFile; fileRef = F52376A522A1AC1800FEA409 /* LaunchScreen.storyboard */; };
		F52376AF22A1B30F00FEA409 /* Singleton.swift in Sources */ = {isa = PBXBuildFile; fileRef = F52376AE22A1B30F00FEA409 /* Singleton.swift */; };
		F52376B222A1B33A00FEA409 /* QuizzViewController.swift in Sources */ = {isa = PBXBuildFile; fileRef = F52376B122A1B33A00FEA409 /* QuizzViewController.swift */; };
		F52376B422A1B34800FEA409 /* ResultadoViewController.swift in Sources */ = {isa = PBXBuildFile; fileRef = F52376B322A1B34800FEA409 /* ResultadoViewController.swift */; };
		F52376B722A1B4D500FEA409 /* Pergunta.swift in Sources */ = {isa = PBXBuildFile; fileRef = F52376B622A1B4D500FEA409 /* Pergunta.swift */; };
		F538C8FD22C3EC7D00A5470D /* PlayerViewController.swift in Sources */ = {isa = PBXBuildFile; fileRef = F538C8FC22C3EC7D00A5470D /* PlayerViewController.swift */; };
		F571536422C43E1400A9D7CE /* Extensions.swift in Sources */ = {isa = PBXBuildFile; fileRef = F571536322C43E1400A9D7CE /* Extensions.swift */; };
		F5B6A4D422A4BF8C0029D709 /* Assets.xcassets in Resources */ = {isa = PBXBuildFile; fileRef = F5B6A4D322A4BF8C0029D709 /* Assets.xcassets */; };
		F5D15D9D22C68BF20092DFF5 /* ResultadoTableViewCell.swift in Sources */ = {isa = PBXBuildFile; fileRef = F5D15D9C22C68BF20092DFF5 /* ResultadoTableViewCell.swift */; };
		F5D15DA122C69FCE0092DFF5 /* SpotifyAudioPlayback.framework in Frameworks */ = {isa = PBXBuildFile; fileRef = F552523222C29AF300EC51DD /* SpotifyAudioPlayback.framework */; };
		F5D15DA222C69FEC0092DFF5 /* SpotifyAuthentication.framework in Frameworks */ = {isa = PBXBuildFile; fileRef = F552523422C29AF400EC51DD /* SpotifyAuthentication.framework */; };
		F5D15DA322C69FEC0092DFF5 /* SpotifyMetadata.framework in Frameworks */ = {isa = PBXBuildFile; fileRef = F552523322C29AF300EC51DD /* SpotifyMetadata.framework */; };
		F5D15DB322C9309F0092DFF5 /* icon_40pt@3x.png in Resources */ = {isa = PBXBuildFile; fileRef = F5D15DA422C9309B0092DFF5 /* icon_40pt@3x.png */; };
		F5D15DB422C9309F0092DFF5 /* icon_83.5@2x.png in Resources */ = {isa = PBXBuildFile; fileRef = F5D15DA522C9309B0092DFF5 /* icon_83.5@2x.png */; };
		F5D15DB522C9309F0092DFF5 /* icon_60pt@2x.png in Resources */ = {isa = PBXBuildFile; fileRef = F5D15DA622C9309C0092DFF5 /* icon_60pt@2x.png */; };
		F5D15DB622C9309F0092DFF5 /* icon_29pt.png in Resources */ = {isa = PBXBuildFile; fileRef = F5D15DA722C9309C0092DFF5 /* icon_29pt.png */; };
		F5D15DB722C9309F0092DFF5 /* icon_76pt@2x.png in Resources */ = {isa = PBXBuildFile; fileRef = F5D15DA822C9309C0092DFF5 /* icon_76pt@2x.png */; };
		F5D15DB822C9309F0092DFF5 /* Icon.png in Resources */ = {isa = PBXBuildFile; fileRef = F5D15DA922C9309C0092DFF5 /* Icon.png */; };
		F5D15DB922C9309F0092DFF5 /* icon_29pt@2x.png in Resources */ = {isa = PBXBuildFile; fileRef = F5D15DAA22C9309C0092DFF5 /* icon_29pt@2x.png */; };
		F5D15DBA22C9309F0092DFF5 /* icon_20pt@3x.png in Resources */ = {isa = PBXBuildFile; fileRef = F5D15DAB22C9309D0092DFF5 /* icon_20pt@3x.png */; };
		F5D15DBB22C9309F0092DFF5 /* icon_76pt.png in Resources */ = {isa = PBXBuildFile; fileRef = F5D15DAC22C9309D0092DFF5 /* icon_76pt.png */; };
		F5D15DBC22C9309F0092DFF5 /* icon_20pt@2x.png in Resources */ = {isa = PBXBuildFile; fileRef = F5D15DAD22C9309E0092DFF5 /* icon_20pt@2x.png */; };
		F5D15DBD22C9309F0092DFF5 /* icon_40pt.png in Resources */ = {isa = PBXBuildFile; fileRef = F5D15DAE22C9309E0092DFF5 /* icon_40pt.png */; };
		F5D15DBE22C9309F0092DFF5 /* icon_60pt@3x.png in Resources */ = {isa = PBXBuildFile; fileRef = F5D15DAF22C9309E0092DFF5 /* icon_60pt@3x.png */; };
		F5D15DBF22C9309F0092DFF5 /* icon_29pt@3x.png in Resources */ = {isa = PBXBuildFile; fileRef = F5D15DB022C9309F0092DFF5 /* icon_29pt@3x.png */; };
		F5D15DC022C9309F0092DFF5 /* icon_20pt.png in Resources */ = {isa = PBXBuildFile; fileRef = F5D15DB122C9309F0092DFF5 /* icon_20pt.png */; };
		F5D15DC122C9309F0092DFF5 /* icon_40pt@2x.png in Resources */ = {isa = PBXBuildFile; fileRef = F5D15DB222C9309F0092DFF5 /* icon_40pt@2x.png */; };
/* End PBXBuildFile section */

/* Begin PBXFileReference section */
		F523769922A1AC1600FEA409 /* Quizz.app */ = {isa = PBXFileReference; explicitFileType = wrapper.application; includeInIndex = 0; path = Quizz.app; sourceTree = BUILT_PRODUCTS_DIR; };
		F523769C22A1AC1600FEA409 /* AppDelegate.swift */ = {isa = PBXFileReference; lastKnownFileType = sourcecode.swift; path = AppDelegate.swift; sourceTree = "<group>"; };
		F523769E22A1AC1600FEA409 /* BeginViewController.swift */ = {isa = PBXFileReference; lastKnownFileType = sourcecode.swift; path = BeginViewController.swift; sourceTree = "<group>"; };
		F52376A122A1AC1600FEA409 /* Base */ = {isa = PBXFileReference; lastKnownFileType = file.storyboard; name = Base; path = Base.lproj/Main.storyboard; sourceTree = "<group>"; };
		F52376A622A1AC1800FEA409 /* Base */ = {isa = PBXFileReference; lastKnownFileType = file.storyboard; name = Base; path = Base.lproj/LaunchScreen.storyboard; sourceTree = "<group>"; };
		F52376A822A1AC1800FEA409 /* Info.plist */ = {isa = PBXFileReference; lastKnownFileType = text.plist.xml; path = Info.plist; sourceTree = "<group>"; };
		F52376AE22A1B30F00FEA409 /* Singleton.swift */ = {isa = PBXFileReference; lastKnownFileType = sourcecode.swift; path = Singleton.swift; sourceTree = "<group>"; };
		F52376B122A1B33A00FEA409 /* QuizzViewController.swift */ = {isa = PBXFileReference; lastKnownFileType = sourcecode.swift; path = QuizzViewController.swift; sourceTree = "<group>"; };
		F52376B322A1B34800FEA409 /* ResultadoViewController.swift */ = {isa = PBXFileReference; lastKnownFileType = sourcecode.swift; path = ResultadoViewController.swift; sourceTree = "<group>"; };
		F52376B622A1B4D500FEA409 /* Pergunta.swift */ = {isa = PBXFileReference; lastKnownFileType = sourcecode.swift; path = Pergunta.swift; sourceTree = "<group>"; };
		F538C8FC22C3EC7D00A5470D /* PlayerViewController.swift */ = {isa = PBXFileReference; lastKnownFileType = sourcecode.swift; path = PlayerViewController.swift; sourceTree = "<group>"; };
		F552523222C29AF300EC51DD /* SpotifyAudioPlayback.framework */ = {isa = PBXFileReference; lastKnownFileType = wrapper.framework; path = SpotifyAudioPlayback.framework; sourceTree = "<group>"; };
		F552523322C29AF300EC51DD /* SpotifyMetadata.framework */ = {isa = PBXFileReference; lastKnownFileType = wrapper.framework; path = SpotifyMetadata.framework; sourceTree = "<group>"; };
		F552523422C29AF400EC51DD /* SpotifyAuthentication.framework */ = {isa = PBXFileReference; lastKnownFileType = wrapper.framework; path = SpotifyAuthentication.framework; sourceTree = "<group>"; };
		F571536322C43E1400A9D7CE /* Extensions.swift */ = {isa = PBXFileReference; lastKnownFileType = sourcecode.swift; path = Extensions.swift; sourceTree = "<group>"; };
		F5B6A4D322A4BF8C0029D709 /* Assets.xcassets */ = {isa = PBXFileReference; lastKnownFileType = folder.assetcatalog; path = Assets.xcassets; sourceTree = "<group>"; };
		F5C03B2422C2A60A00A9F931 /* Quizz-Bridging-Header.h */ = {isa = PBXFileReference; lastKnownFileType = sourcecode.c.h; path = "Quizz-Bridging-Header.h"; sourceTree = "<group>"; };
		F5D15D9C22C68BF20092DFF5 /* ResultadoTableViewCell.swift */ = {isa = PBXFileReference; lastKnownFileType = sourcecode.swift; path = ResultadoTableViewCell.swift; sourceTree = "<group>"; };
		F5D15DA422C9309B0092DFF5 /* icon_40pt@3x.png */ = {isa = PBXFileReference; lastKnownFileType = image.png; name = "icon_40pt@3x.png"; path = "../../icon_40pt@3x.png"; sourceTree = "<group>"; };
		F5D15DA522C9309B0092DFF5 /* icon_83.5@2x.png */ = {isa = PBXFileReference; lastKnownFileType = image.png; name = "icon_83.5@2x.png"; path = "../../icon_83.5@2x.png"; sourceTree = "<group>"; };
		F5D15DA622C9309C0092DFF5 /* icon_60pt@2x.png */ = {isa = PBXFileReference; lastKnownFileType = image.png; name = "icon_60pt@2x.png"; path = "../../icon_60pt@2x.png"; sourceTree = "<group>"; };
		F5D15DA722C9309C0092DFF5 /* icon_29pt.png */ = {isa = PBXFileReference; lastKnownFileType = image.png; name = icon_29pt.png; path = ../../icon_29pt.png; sourceTree = "<group>"; };
		F5D15DA822C9309C0092DFF5 /* icon_76pt@2x.png */ = {isa = PBXFileReference; lastKnownFileType = image.png; name = "icon_76pt@2x.png"; path = "../../icon_76pt@2x.png"; sourceTree = "<group>"; };
		F5D15DA922C9309C0092DFF5 /* Icon.png */ = {isa = PBXFileReference; lastKnownFileType = image.png; name = Icon.png; path = ../../Icon.png; sourceTree = "<group>"; };
		F5D15DAA22C9309C0092DFF5 /* icon_29pt@2x.png */ = {isa = PBXFileReference; lastKnownFileType = image.png; name = "icon_29pt@2x.png"; path = "../../icon_29pt@2x.png"; sourceTree = "<group>"; };
		F5D15DAB22C9309D0092DFF5 /* icon_20pt@3x.png */ = {isa = PBXFileReference; lastKnownFileType = image.png; name = "icon_20pt@3x.png"; path = "../../icon_20pt@3x.png"; sourceTree = "<group>"; };
		F5D15DAC22C9309D0092DFF5 /* icon_76pt.png */ = {isa = PBXFileReference; lastKnownFileType = image.png; name = icon_76pt.png; path = ../../icon_76pt.png; sourceTree = "<group>"; };
		F5D15DAD22C9309E0092DFF5 /* icon_20pt@2x.png */ = {isa = PBXFileReference; lastKnownFileType = image.png; name = "icon_20pt@2x.png"; path = "../../icon_20pt@2x.png"; sourceTree = "<group>"; };
		F5D15DAE22C9309E0092DFF5 /* icon_40pt.png */ = {isa = PBXFileReference; lastKnownFileType = image.png; name = icon_40pt.png; path = ../../icon_40pt.png; sourceTree = "<group>"; };
		F5D15DAF22C9309E0092DFF5 /* icon_60pt@3x.png */ = {isa = PBXFileReference; lastKnownFileType = image.png; name = "icon_60pt@3x.png"; path = "../../icon_60pt@3x.png"; sourceTree = "<group>"; };
		F5D15DB022C9309F0092DFF5 /* icon_29pt@3x.png */ = {isa = PBXFileReference; lastKnownFileType = image.png; name = "icon_29pt@3x.png"; path = "../../icon_29pt@3x.png"; sourceTree = "<group>"; };
		F5D15DB122C9309F0092DFF5 /* icon_20pt.png */ = {isa = PBXFileReference; lastKnownFileType = image.png; name = icon_20pt.png; path = ../../icon_20pt.png; sourceTree = "<group>"; };
		F5D15DB222C9309F0092DFF5 /* icon_40pt@2x.png */ = {isa = PBXFileReference; lastKnownFileType = image.png; name = "icon_40pt@2x.png"; path = "../../icon_40pt@2x.png"; sourceTree = "<group>"; };
/* End PBXFileReference section */

/* Begin PBXFrameworksBuildPhase section */
		F523769622A1AC1600FEA409 /* Frameworks */ = {
			isa = PBXFrameworksBuildPhase;
			buildActionMask = 2147483647;
			files = (
				F5D15DA122C69FCE0092DFF5 /* SpotifyAudioPlayback.framework in Frameworks */,
				F5D15DA222C69FEC0092DFF5 /* SpotifyAuthentication.framework in Frameworks */,
				F5D15DA322C69FEC0092DFF5 /* SpotifyMetadata.framework in Frameworks */,
			);
			runOnlyForDeploymentPostprocessing = 0;
		};
/* End PBXFrameworksBuildPhase section */

/* Begin PBXGroup section */
		F523769022A1AC1600FEA409 = {
			isa = PBXGroup;
			children = (
				F523769B22A1AC1600FEA409 /* Quizz */,
				F523769A22A1AC1600FEA409 /* Products */,
				F5D15D9E22C69FC00092DFF5 /* Frameworks */,
			);
			sourceTree = "<group>";
		};
		F523769A22A1AC1600FEA409 /* Products */ = {
			isa = PBXGroup;
			children = (
				F523769922A1AC1600FEA409 /* Quizz.app */,
			);
			name = Products;
			sourceTree = "<group>";
		};
		F523769B22A1AC1600FEA409 /* Quizz */ = {
			isa = PBXGroup;
			children = (
				F5C03B2422C2A60A00A9F931 /* Quizz-Bridging-Header.h */,
				F523769C22A1AC1600FEA409 /* AppDelegate.swift */,
				F571536322C43E1400A9D7CE /* Extensions.swift */,
				F52376BA22A1BE2F00FEA409 /* Controller */,
				F52376B922A1BE2400FEA409 /* View */,
				F52376B822A1BE0500FEA409 /* Model */,
				F52376A522A1AC1800FEA409 /* LaunchScreen.storyboard */,
				F52376A822A1AC1800FEA409 /* Info.plist */,
				F5D15DB122C9309F0092DFF5 /* icon_20pt.png */,
				F5D15DAD22C9309E0092DFF5 /* icon_20pt@2x.png */,
				F5D15DAB22C9309D0092DFF5 /* icon_20pt@3x.png */,
				F5D15DA722C9309C0092DFF5 /* icon_29pt.png */,
				F5D15DAA22C9309C0092DFF5 /* icon_29pt@2x.png */,
				F5D15DB022C9309F0092DFF5 /* icon_29pt@3x.png */,
				F5D15DAE22C9309E0092DFF5 /* icon_40pt.png */,
				F5D15DB222C9309F0092DFF5 /* icon_40pt@2x.png */,
				F5D15DA422C9309B0092DFF5 /* icon_40pt@3x.png */,
				F5D15DA622C9309C0092DFF5 /* icon_60pt@2x.png */,
				F5D15DAF22C9309E0092DFF5 /* icon_60pt@3x.png */,
				F5D15DAC22C9309D0092DFF5 /* icon_76pt.png */,
				F5D15DA822C9309C0092DFF5 /* icon_76pt@2x.png */,
				F5D15DA522C9309B0092DFF5 /* icon_83.5@2x.png */,
				F5D15DA922C9309C0092DFF5 /* Icon.png */,
			);
			path = Quizz;
			sourceTree = "<group>";
		};
		F52376B822A1BE0500FEA409 /* Model */ = {
			isa = PBXGroup;
			children = (
				F52376B622A1B4D500FEA409 /* Pergunta.swift */,
				F52376AE22A1B30F00FEA409 /* Singleton.swift */,
			);
			path = Model;
			sourceTree = "<group>";
		};
		F52376B922A1BE2400FEA409 /* View */ = {
			isa = PBXGroup;
			children = (
				F52376A022A1AC1600FEA409 /* Main.storyboard */,
				F5B6A4D322A4BF8C0029D709 /* Assets.xcassets */,
			);
			path = View;
			sourceTree = "<group>";
		};
		F52376BA22A1BE2F00FEA409 /* Controller */ = {
			isa = PBXGroup;
			children = (
				F523769E22A1AC1600FEA409 /* BeginViewController.swift */,
				F52376B122A1B33A00FEA409 /* QuizzViewController.swift */,
				F52376B322A1B34800FEA409 /* ResultadoViewController.swift */,
				F538C8FC22C3EC7D00A5470D /* PlayerViewController.swift */,
				F5D15D9C22C68BF20092DFF5 /* ResultadoTableViewCell.swift */,
			);
			path = Controller;
			sourceTree = "<group>";
		};
		F5D15D9E22C69FC00092DFF5 /* Frameworks */ = {
			isa = PBXGroup;
			children = (
				F552523222C29AF300EC51DD /* SpotifyAudioPlayback.framework */,
				F552523422C29AF400EC51DD /* SpotifyAuthentication.framework */,
				F552523322C29AF300EC51DD /* SpotifyMetadata.framework */,
			);
			name = Frameworks;
			sourceTree = "<group>";
		};
/* End PBXGroup section */

/* Begin PBXNativeTarget section */
		F523769822A1AC1600FEA409 /* Quizz */ = {
			isa = PBXNativeTarget;
			buildConfigurationList = F52376AB22A1AC1800FEA409 /* Build configuration list for PBXNativeTarget "Quizz" */;
			buildPhases = (
				F523769522A1AC1600FEA409 /* Sources */,
				F523769622A1AC1600FEA409 /* Frameworks */,
				F523769722A1AC1600FEA409 /* Resources */,
			);
			buildRules = (
			);
			dependencies = (
			);
			name = Quizz;
			productName = Quizz;
			productReference = F523769922A1AC1600FEA409 /* Quizz.app */;
			productType = "com.apple.product-type.application";
		};
/* End PBXNativeTarget section */

/* Begin PBXProject section */
		F523769122A1AC1600FEA409 /* Project object */ = {
			isa = PBXProject;
			attributes = {
				LastSwiftUpdateCheck = 1020;
				LastUpgradeCheck = 1020;
				ORGANIZATIONNAME = "Mateus Filho";
				TargetAttributes = {
					F523769822A1AC1600FEA409 = {
						CreatedOnToolsVersion = 10.2.1;
					};
				};
			};
			buildConfigurationList = F523769422A1AC1600FEA409 /* Build configuration list for PBXProject "Quizz" */;
			compatibilityVersion = "Xcode 9.3";
			developmentRegion = en;
			hasScannedForEncodings = 0;
			knownRegions = (
				en,
				Base,
			);
			mainGroup = F523769022A1AC1600FEA409;
			productRefGroup = F523769A22A1AC1600FEA409 /* Products */;
			projectDirPath = "";
			projectRoot = "";
			targets = (
				F523769822A1AC1600FEA409 /* Quizz */,
			);
		};
/* End PBXProject section */

/* Begin PBXResourcesBuildPhase section */
		F523769722A1AC1600FEA409 /* Resources */ = {
			isa = PBXResourcesBuildPhase;
			buildActionMask = 2147483647;
			files = (
				F5D15DBC22C9309F0092DFF5 /* icon_20pt@2x.png in Resources */,
				F5D15DB822C9309F0092DFF5 /* Icon.png in Resources */,
				F5D15DBB22C9309F0092DFF5 /* icon_76pt.png in Resources */,
				F5D15DC122C9309F0092DFF5 /* icon_40pt@2x.png in Resources */,
				F52376A722A1AC1800FEA409 /* LaunchScreen.storyboard in Resources */,
				F5B6A4D422A4BF8C0029D709 /* Assets.xcassets in Resources */,
				F5D15DBF22C9309F0092DFF5 /* icon_29pt@3x.png in Resources */,
				F5D15DB322C9309F0092DFF5 /* icon_40pt@3x.png in Resources */,
				F5D15DB922C9309F0092DFF5 /* icon_29pt@2x.png in Resources */,
				F5D15DB422C9309F0092DFF5 /* icon_83.5@2x.png in Resources */,
				F5D15DC022C9309F0092DFF5 /* icon_20pt.png in Resources */,
				F5D15DBD22C9309F0092DFF5 /* icon_40pt.png in Resources */,
				F52376A222A1AC1600FEA409 /* Main.storyboard in Resources */,
				F5D15DB522C9309F0092DFF5 /* icon_60pt@2x.png in Resources */,
				F5D15DBE22C9309F0092DFF5 /* icon_60pt@3x.png in Resources */,
				F5D15DB722C9309F0092DFF5 /* icon_76pt@2x.png in Resources */,
				F5D15DB622C9309F0092DFF5 /* icon_29pt.png in Resources */,
				F5D15DBA22C9309F0092DFF5 /* icon_20pt@3x.png in Resources */,
			);
			runOnlyForDeploymentPostprocessing = 0;
		};
/* End PBXResourcesBuildPhase section */

/* Begin PBXSourcesBuildPhase section */
		F523769522A1AC1600FEA409 /* Sources */ = {
			isa = PBXSourcesBuildPhase;
			buildActionMask = 2147483647;
			files = (
				F52376AF22A1B30F00FEA409 /* Singleton.swift in Sources */,
				F523769F22A1AC1600FEA409 /* BeginViewController.swift in Sources */,
				F52376B422A1B34800FEA409 /* ResultadoViewController.swift in Sources */,
				F571536422C43E1400A9D7CE /* Extensions.swift in Sources */,
				F538C8FD22C3EC7D00A5470D /* PlayerViewController.swift in Sources */,
				F52376B222A1B33A00FEA409 /* QuizzViewController.swift in Sources */,
				F5D15D9D22C68BF20092DFF5 /* ResultadoTableViewCell.swift in Sources */,
				F523769D22A1AC1600FEA409 /* AppDelegate.swift in Sources */,
				F52376B722A1B4D500FEA409 /* Pergunta.swift in Sources */,
			);
			runOnlyForDeploymentPostprocessing = 0;
		};
/* End PBXSourcesBuildPhase section */

/* Begin PBXVariantGroup section */
		F52376A022A1AC1600FEA409 /* Main.storyboard */ = {
			isa = PBXVariantGroup;
			children = (
				F52376A122A1AC1600FEA409 /* Base */,
			);
			name = Main.storyboard;
			sourceTree = "<group>";
		};
		F52376A522A1AC1800FEA409 /* LaunchScreen.storyboard */ = {
			isa = PBXVariantGroup;
			children = (
				F52376A622A1AC1800FEA409 /* Base */,
			);
			name = LaunchScreen.storyboard;
			sourceTree = "<group>";
		};
/* End PBXVariantGroup section */

/* Begin XCBuildConfiguration section */
		F52376A922A1AC1800FEA409 /* Debug */ = {
			isa = XCBuildConfiguration;
			buildSettings = {
				ALWAYS_SEARCH_USER_PATHS = NO;
				CLANG_ANALYZER_NONNULL = YES;
				CLANG_ANALYZER_NUMBER_OBJECT_CONVERSION = YES_AGGRESSIVE;
				CLANG_CXX_LANGUAGE_STANDARD = "gnu++14";
				CLANG_CXX_LIBRARY = "libc++";
				CLANG_ENABLE_MODULES = YES;
				CLANG_ENABLE_OBJC_ARC = YES;
				CLANG_ENABLE_OBJC_WEAK = YES;
				CLANG_WARN_BLOCK_CAPTURE_AUTORELEASING = YES;
				CLANG_WARN_BOOL_CONVERSION = YES;
				CLANG_WARN_COMMA = YES;
				CLANG_WARN_CONSTANT_CONVERSION = YES;
				CLANG_WARN_DEPRECATED_OBJC_IMPLEMENTATIONS = YES;
				CLANG_WARN_DIRECT_OBJC_ISA_USAGE = YES_ERROR;
				CLANG_WARN_DOCUMENTATION_COMMENTS = YES;
				CLANG_WARN_EMPTY_BODY = YES;
				CLANG_WARN_ENUM_CONVERSION = YES;
				CLANG_WARN_INFINITE_RECURSION = YES;
				CLANG_WARN_INT_CONVERSION = YES;
				CLANG_WARN_NON_LITERAL_NULL_CONVERSION = YES;
				CLANG_WARN_OBJC_IMPLICIT_RETAIN_SELF = YES;
				CLANG_WARN_OBJC_LITERAL_CONVERSION = YES;
				CLANG_WARN_OBJC_ROOT_CLASS = YES_ERROR;
				CLANG_WARN_RANGE_LOOP_ANALYSIS = YES;
				CLANG_WARN_STRICT_PROTOTYPES = YES;
				CLANG_WARN_SUSPICIOUS_MOVE = YES;
				CLANG_WARN_UNGUARDED_AVAILABILITY = YES_AGGRESSIVE;
				CLANG_WARN_UNREACHABLE_CODE = YES;
				CLANG_WARN__DUPLICATE_METHOD_MATCH = YES;
				CODE_SIGN_IDENTITY = "iPhone Developer";
				COPY_PHASE_STRIP = NO;
				DEBUG_INFORMATION_FORMAT = dwarf;
				ENABLE_STRICT_OBJC_MSGSEND = YES;
				ENABLE_TESTABILITY = YES;
				GCC_C_LANGUAGE_STANDARD = gnu11;
				GCC_DYNAMIC_NO_PIC = NO;
				GCC_NO_COMMON_BLOCKS = YES;
				GCC_OPTIMIZATION_LEVEL = 0;
				GCC_PREPROCESSOR_DEFINITIONS = (
					"DEBUG=1",
					"$(inherited)",
				);
				GCC_WARN_64_TO_32_BIT_CONVERSION = YES;
				GCC_WARN_ABOUT_RETURN_TYPE = YES_ERROR;
				GCC_WARN_UNDECLARED_SELECTOR = YES;
				GCC_WARN_UNINITIALIZED_AUTOS = YES_AGGRESSIVE;
				GCC_WARN_UNUSED_FUNCTION = YES;
				GCC_WARN_UNUSED_VARIABLE = YES;
				IPHONEOS_DEPLOYMENT_TARGET = 12.2;
				MTL_ENABLE_DEBUG_INFO = INCLUDE_SOURCE;
				MTL_FAST_MATH = YES;
				ONLY_ACTIVE_ARCH = YES;
				SDKROOT = iphoneos;
				SWIFT_ACTIVE_COMPILATION_CONDITIONS = DEBUG;
				SWIFT_OPTIMIZATION_LEVEL = "-Onone";
			};
			name = Debug;
		};
		F52376AA22A1AC1800FEA409 /* Release */ = {
			isa = XCBuildConfiguration;
			buildSettings = {
				ALWAYS_SEARCH_USER_PATHS = NO;
				CLANG_ANALYZER_NONNULL = YES;
				CLANG_ANALYZER_NUMBER_OBJECT_CONVERSION = YES_AGGRESSIVE;
				CLANG_CXX_LANGUAGE_STANDARD = "gnu++14";
				CLANG_CXX_LIBRARY = "libc++";
				CLANG_ENABLE_MODULES = YES;
				CLANG_ENABLE_OBJC_ARC = YES;
				CLANG_ENABLE_OBJC_WEAK = YES;
				CLANG_WARN_BLOCK_CAPTURE_AUTORELEASING = YES;
				CLANG_WARN_BOOL_CONVERSION = YES;
				CLANG_WARN_COMMA = YES;
				CLANG_WARN_CONSTANT_CONVERSION = YES;
				CLANG_WARN_DEPRECATED_OBJC_IMPLEMENTATIONS = YES;
				CLANG_WARN_DIRECT_OBJC_ISA_USAGE = YES_ERROR;
				CLANG_WARN_DOCUMENTATION_COMMENTS = YES;
				CLANG_WARN_EMPTY_BODY = YES;
				CLANG_WARN_ENUM_CONVERSION = YES;
				CLANG_WARN_INFINITE_RECURSION = YES;
				CLANG_WARN_INT_CONVERSION = YES;
				CLANG_WARN_NON_LITERAL_NULL_CONVERSION = YES;
				CLANG_WARN_OBJC_IMPLICIT_RETAIN_SELF = YES;
				CLANG_WARN_OBJC_LITERAL_CONVERSION = YES;
				CLANG_WARN_OBJC_ROOT_CLASS = YES_ERROR;
				CLANG_WARN_RANGE_LOOP_ANALYSIS = YES;
				CLANG_WARN_STRICT_PROTOTYPES = YES;
				CLANG_WARN_SUSPICIOUS_MOVE = YES;
				CLANG_WARN_UNGUARDED_AVAILABILITY = YES_AGGRESSIVE;
				CLANG_WARN_UNREACHABLE_CODE = YES;
				CLANG_WARN__DUPLICATE_METHOD_MATCH = YES;
				CODE_SIGN_IDENTITY = "iPhone Developer";
				COPY_PHASE_STRIP = NO;
				DEBUG_INFORMATION_FORMAT = "dwarf-with-dsym";
				ENABLE_NS_ASSERTIONS = NO;
				ENABLE_STRICT_OBJC_MSGSEND = YES;
				GCC_C_LANGUAGE_STANDARD = gnu11;
				GCC_NO_COMMON_BLOCKS = YES;
				GCC_WARN_64_TO_32_BIT_CONVERSION = YES;
				GCC_WARN_ABOUT_RETURN_TYPE = YES_ERROR;
				GCC_WARN_UNDECLARED_SELECTOR = YES;
				GCC_WARN_UNINITIALIZED_AUTOS = YES_AGGRESSIVE;
				GCC_WARN_UNUSED_FUNCTION = YES;
				GCC_WARN_UNUSED_VARIABLE = YES;
				IPHONEOS_DEPLOYMENT_TARGET = 12.2;
				MTL_ENABLE_DEBUG_INFO = NO;
				MTL_FAST_MATH = YES;
				SDKROOT = iphoneos;
				SWIFT_COMPILATION_MODE = wholemodule;
				SWIFT_OPTIMIZATION_LEVEL = "-O";
				VALIDATE_PRODUCT = YES;
			};
			name = Release;
		};
		F52376AC22A1AC1800FEA409 /* Debug */ = {
			isa = XCBuildConfiguration;
			buildSettings = {
				ASSETCATALOG_COMPILER_APPICON_NAME = AppIcon;
				CODE_SIGN_STYLE = Automatic;
				DEVELOPMENT_TEAM = 79MPWT3R7J;
				FRAMEWORK_SEARCH_PATHS = (
					"$(inherited)",
					"$(PROJECT_DIR)",
				);
				INFOPLIST_FILE = Quizz/Info.plist;
				LD_RUNPATH_SEARCH_PATHS = (
					"$(inherited)",
					"@executable_path/Frameworks",
				);
				OTHER_LDFLAGS = "-ObjC";
				PRODUCT_BUNDLE_IDENTIFIER = br.com.appleDeveloperAcademy.Quizz;
				PRODUCT_NAME = "$(TARGET_NAME)";
				SWIFT_OBJC_BRIDGING_HEADER = "Quizz/Quizz-Bridging-Header.h";
				SWIFT_VERSION = 5.0;
				TARGETED_DEVICE_FAMILY = 1;
			};
			name = Debug;
		};
		F52376AD22A1AC1800FEA409 /* Release */ = {
			isa = XCBuildConfiguration;
			buildSettings = {
				ASSETCATALOG_COMPILER_APPICON_NAME = AppIcon;
				CODE_SIGN_STYLE = Automatic;
				DEVELOPMENT_TEAM = 79MPWT3R7J;
				FRAMEWORK_SEARCH_PATHS = (
					"$(inherited)",
					"$(PROJECT_DIR)",
				);
				INFOPLIST_FILE = Quizz/Info.plist;
				LD_RUNPATH_SEARCH_PATHS = (
					"$(inherited)",
					"@executable_path/Frameworks",
				);
				OTHER_LDFLAGS = "-ObjC";
				PRODUCT_BUNDLE_IDENTIFIER = br.com.appleDeveloperAcademy.Quizz;
				PRODUCT_NAME = "$(TARGET_NAME)";
				SWIFT_OBJC_BRIDGING_HEADER = "Quizz/Quizz-Bridging-Header.h";
				SWIFT_VERSION = 5.0;
				TARGETED_DEVICE_FAMILY = 1;
			};
			name = Release;
		};
/* End XCBuildConfiguration section */

/* Begin XCConfigurationList section */
		F523769422A1AC1600FEA409 /* Build configuration list for PBXProject "Quizz" */ = {
			isa = XCConfigurationList;
			buildConfigurations = (
				F52376A922A1AC1800FEA409 /* Debug */,
				F52376AA22A1AC1800FEA409 /* Release */,
			);
			defaultConfigurationIsVisible = 0;
			defaultConfigurationName = Release;
		};
		F52376AB22A1AC1800FEA409 /* Build configuration list for PBXNativeTarget "Quizz" */ = {
			isa = XCConfigurationList;
			buildConfigurations = (
				F52376AC22A1AC1800FEA409 /* Debug */,
				F52376AD22A1AC1800FEA409 /* Release */,
			);
			defaultConfigurationIsVisible = 0;
			defaultConfigurationName = Release;
		};
/* End XCConfigurationList section */
	};
	rootObject = F523769122A1AC1600FEA409 /* Project object */;
}
